
Microsoft Visual Studio Solution File, Format Version 12.00
# Visual Studio Version 16
VisualStudioVersion = 16.0.30001.183
MinimumVisualStudioVersion = 10.0.40219.1
Project("{FAE04EC0-301F-11D3-BF4B-00C04F79EFBC}") = "BookStore-API", "BookStore-API\BookStore-API.csproj", "{4E59F0F7-5488-44E7-9217-96465A5D32DB}"
EndProject
Global
	GlobalSection(SolutionConfigurationPlatforms) = preSolution
		Debug|Any CPU = Debug|Any CPU
		Release|Any CPU = Release|Any CPU
	EndGlobalSection
	GlobalSection(ProjectConfigurationPlatforms) = postSolution
		{4E59F0F7-5488-44E7-9217-96465A5D32DB}.Debug|Any CPU.ActiveCfg = Debug|Any CPU
		{4E59F0F7-5488-44E7-9217-96465A5D32DB}.Debug|Any CPU.Build.0 = Debug|Any CPU
		{4E59F0F7-5488-44E7-9217-96465A5D32DB}.Release|Any CPU.ActiveCfg = Release|Any CPU
		{4E59F0F7-5488-44E7-9217-96465A5D32DB}.Release|Any CPU.Build.0 = Release|Any CPU
	EndGlobalSection
	GlobalSection(SolutionProperties) = preSolution
		HideSolutionNode = FALSE
	EndGlobalSection
	GlobalSection(ExtensibilityGlobals) = postSolution
		SolutionGuid = {6E03D26D-EB13-4C94-BD50-D9F9E4F01518}
	EndGlobalSection
EndGlobal
